
Microsoft Visual Studio Solution File, Format Version 12.00
# Visual Studio Version 16
VisualStudioVersion = 16.0.28803.352
MinimumVisualStudioVersion = 10.0.40219.1
Project("{FAE04EC0-301F-11D3-BF4B-00C04F79EFBC}") = "StackCollection", "StackCollection.csproj", "{D0EFADD7-6DDE-411C-9094-F0544CE3B145}"
EndProject
Project("{FAE04EC0-301F-11D3-BF4B-00C04F79EFBC}") = "StackCollection.Tests", "StackCollection.Tests\StackCollection.Tests.csproj", "{77F10A97-A5DB-45D9-95C0-DB53B2A34F79}"
EndProject
Global
	GlobalSection(SolutionConfigurationPlatforms) = preSolution
		Debug|Any CPU = Debug|Any CPU
		Release|Any CPU = Release|Any CPU
	EndGlobalSection
	GlobalSection(ProjectConfigurationPlatforms) = postSolution
		{D0EFADD7-6DDE-411C-9094-F0544CE3B145}.Debug|Any CPU.ActiveCfg = Debug|Any CPU
		{D0EFADD7-6DDE-411C-9094-F0544CE3B145}.Debug|Any CPU.Build.0 = Debug|Any CPU
		{D0EFADD7-6DDE-411C-9094-F0544CE3B145}.Release|Any CPU.ActiveCfg = Release|Any CPU
		{D0EFADD7-6DDE-411C-9094-F0544CE3B145}.Release|Any CPU.Build.0 = Release|Any CPU
		{77F10A97-A5DB-45D9-95C0-DB53B2A34F79}.Debug|Any CPU.ActiveCfg = Debug|Any CPU
		{77F10A97-A5DB-45D9-95C0-DB53B2A34F79}.Debug|Any CPU.Build.0 = Debug|Any CPU
		{77F10A97-A5DB-45D9-95C0-DB53B2A34F79}.Release|Any CPU.ActiveCfg = Release|Any CPU
		{77F10A97-A5DB-45D9-95C0-DB53B2A34F79}.Release|Any CPU.Build.0 = Release|Any CPU
	EndGlobalSection
	GlobalSection(SolutionProperties) = preSolution
		HideSolutionNode = FALSE
	EndGlobalSection
	GlobalSection(ExtensibilityGlobals) = postSolution
		SolutionGuid = {7F036923-BF6A-43FD-AC0E-9BD1F5E9CFE8}
	EndGlobalSection
EndGlobal
